github.com/mattn/go-sqlite3 v1.14.46 h1:ZfaNcYO/CGNMRxkN1vvG9qf+Y+uvXfgT9a6MlEw+HmU=
github.com/mattn/go-sqlite3 v1.14.46/go.mod h1:6JTjA44L93a0QCyJef5YvlPoKXntQPjzWv5gtm9sB6w=
golang.org/x/net v0.56.0 h1:Rw8j/hFzGvJUZwNBXnAtf5sVDVt+65SK2C7IxCxZt5o=
golang.org/x/net v0.56.0/go.mod h1:D3Ku6r+V6JROoZK144D2XfMHFcMq/0zSfLelVTCFKec=
